
Microsoft Visual Studio Solution File, Format Version 12.00
# Visual Studio Version 17
VisualStudioVersion = 17.9.34902.65
MinimumVisualStudioVersion = 10.0.40219.1
Project("{2150E333-8FDC-42A3-9474-1A3956D46DE8}") = "src", "src", "{91814512-0BDD-46DB-A4FE-C3D8CF4EB9EE}"
EndProject
Project("{2150E333-8FDC-42A3-9474-1A3956D46DE8}") = "tests", "tests", "{60562153-9885-4130-923B-D732DDBF3DC5}"
EndProject
Project("{2150E333-8FDC-42A3-9474-1A3956D46DE8}") = "benchmarks", "benchmarks", "{3CAB4CED-1004-4B18-8D42-EBF9B4564BAD}"
EndProject
Project("{2150E333-8FDC-42A3-9474-1A3956D46DE8}") = "Solution Items", "Solution Items", "{3E37E8AF-B071-4538-9B8E-4E4360CF74B7}"
	ProjectSection(SolutionItems) = preProject
		.editorconfig = .editorconfig
		.gitignore = .gitignore
		algorithms-in-designing-data-intensive-applications.md = algorithms-in-designing-data-intensive-applications.md
		CODE_OF_CONDUCT.md = CODE_OF_CONDUCT.md
		CONTRIBUTING.md = CONTRIBUTING.md
		..\Boutquin\LICENSE.txt = ..\Boutquin\LICENSE.txt
		README.md = README.md
	EndProjectSection
EndProject
Project("{9A19103F-16F7-4668-BE54-9A1E7A4F7556}") = "Boutquin.Storage.Domain", "src\Domain\Boutquin.Storage.Domain.csproj", "{1C365AB2-B9FB-4689-BFD6-786DC8C3C585}"
EndProject
Project("{9A19103F-16F7-4668-BE54-9A1E7A4F7556}") = "Boutquin.Storage.Infrastructure", "src\Infrastructure\Boutquin.Storage.Infrastructure.csproj", "{9D82878D-3315-49DF-B148-9C39D2A97BF7}"
EndProject
Project("{9A19103F-16F7-4668-BE54-9A1E7A4F7556}") = "Boutquin.Storage.Infrastructure.Tests", "tests\Infrastructure\Boutquin.Storage.Infrastructure.Tests.csproj", "{389FD512-3FA1-4511-AA77-D7CAEFF05850}"
EndProject
Project("{9A19103F-16F7-4668-BE54-9A1E7A4F7556}") = "Boutquin.Storage.Samples", "src\Samples\Boutquin.Storage.Samples.csproj", "{6BFB5030-29F0-48A9-9F19-6D1C015F42F2}"
	ProjectSection(ProjectDependencies) = postProject
		{1C365AB2-B9FB-4689-BFD6-786DC8C3C585} = {1C365AB2-B9FB-4689-BFD6-786DC8C3C585}
	EndProjectSection
EndProject
Global
	GlobalSection(SolutionConfigurationPlatforms) = preSolution
		Debug|Any CPU = Debug|Any CPU
		Release|Any CPU = Release|Any CPU
	EndGlobalSection
	GlobalSection(ProjectConfigurationPlatforms) = postSolution
		{1C365AB2-B9FB-4689-BFD6-786DC8C3C585}.Debug|Any CPU.ActiveCfg = Debug|Any CPU
		{1C365AB2-B9FB-4689-BFD6-786DC8C3C585}.Debug|Any CPU.Build.0 = Debug|Any CPU
		{1C365AB2-B9FB-4689-BFD6-786DC8C3C585}.Release|Any CPU.ActiveCfg = Release|Any CPU
		{1C365AB2-B9FB-4689-BFD6-786DC8C3C585}.Release|Any CPU.Build.0 = Release|Any CPU
		{9D82878D-3315-49DF-B148-9C39D2A97BF7}.Debug|Any CPU.ActiveCfg = Debug|Any CPU
		{9D82878D-3315-49DF-B148-9C39D2A97BF7}.Debug|Any CPU.Build.0 = Debug|Any CPU
		{9D82878D-3315-49DF-B148-9C39D2A97BF7}.Release|Any CPU.ActiveCfg = Release|Any CPU
		{9D82878D-3315-49DF-B148-9C39D2A97BF7}.Release|Any CPU.Build.0 = Release|Any CPU
		{389FD512-3FA1-4511-AA77-D7CAEFF05850}.Debug|Any CPU.ActiveCfg = Debug|Any CPU
		{389FD512-3FA1-4511-AA77-D7CAEFF05850}.Debug|Any CPU.Build.0 = Debug|Any CPU
		{389FD512-3FA1-4511-AA77-D7CAEFF05850}.Release|Any CPU.ActiveCfg = Release|Any CPU
		{389FD512-3FA1-4511-AA77-D7CAEFF05850}.Release|Any CPU.Build.0 = Release|Any CPU
		{6BFB5030-29F0-48A9-9F19-6D1C015F42F2}.Debug|Any CPU.ActiveCfg = Debug|Any CPU
		{6BFB5030-29F0-48A9-9F19-6D1C015F42F2}.Debug|Any CPU.Build.0 = Debug|Any CPU
		{6BFB5030-29F0-48A9-9F19-6D1C015F42F2}.Release|Any CPU.ActiveCfg = Release|Any CPU
		{6BFB5030-29F0-48A9-9F19-6D1C015F42F2}.Release|Any CPU.Build.0 = Release|Any CPU
	EndGlobalSection
	GlobalSection(SolutionProperties) = preSolution
		HideSolutionNode = FALSE
	EndGlobalSection
	GlobalSection(NestedProjects) = preSolution
		{1C365AB2-B9FB-4689-BFD6-786DC8C3C585} = {91814512-0BDD-46DB-A4FE-C3D8CF4EB9EE}
		{9D82878D-3315-49DF-B148-9C39D2A97BF7} = {91814512-0BDD-46DB-A4FE-C3D8CF4EB9EE}
		{389FD512-3FA1-4511-AA77-D7CAEFF05850} = {60562153-9885-4130-923B-D732DDBF3DC5}
		{6BFB5030-29F0-48A9-9F19-6D1C015F42F2} = {91814512-0BDD-46DB-A4FE-C3D8CF4EB9EE}
	EndGlobalSection
	GlobalSection(ExtensibilityGlobals) = postSolution
		SolutionGuid = {AE4E9FE1-0BE3-42EB-85F1-510D9D00E688}
	EndGlobalSection
EndGlobal
